
Microsoft Visual Studio Solution File, Format Version 12.00
# Visual Studio Version 16
VisualStudioVersion = 16.0.32106.194
MinimumVisualStudioVersion = 10.0.40219.1
Project("{FAE04EC0-301F-11D3-BF4B-00C04F79EFBC}") = "SampleProject", "SampleProject\SampleProject.csproj", "{76235726-81F3-4FF4-9384-A75C4C01807A}"
EndProject
Project("{FAE04EC0-301F-11D3-BF4B-00C04F79EFBC}") = "DALClassLibrary", "DALClassLibrary\DALClassLibrary.csproj", "{13FAC9E4-3AD1-423E-AE8B-52DB881AA572}"
EndProject
Global
	GlobalSection(SolutionConfigurationPlatforms) = preSolution
		Debug|Any CPU = Debug|Any CPU
		Release|Any CPU = Release|Any CPU
	EndGlobalSection
	GlobalSection(ProjectConfigurationPlatforms) = postSolution
		{76235726-81F3-4FF4-9384-A75C4C01807A}.Debug|Any CPU.ActiveCfg = Debug|Any CPU
		{76235726-81F3-4FF4-9384-A75C4C01807A}.Debug|Any CPU.Build.0 = Debug|Any CPU
		{76235726-81F3-4FF4-9384-A75C4C01807A}.Release|Any CPU.ActiveCfg = Release|Any CPU
		{76235726-81F3-4FF4-9384-A75C4C01807A}.Release|Any CPU.Build.0 = Release|Any CPU
		{13FAC9E4-3AD1-423E-AE8B-52DB881AA572}.Debug|Any CPU.ActiveCfg = Debug|Any CPU
		{13FAC9E4-3AD1-423E-AE8B-52DB881AA572}.Debug|Any CPU.Build.0 = Debug|Any CPU
		{13FAC9E4-3AD1-423E-AE8B-52DB881AA572}.Release|Any CPU.ActiveCfg = Release|Any CPU
		{13FAC9E4-3AD1-423E-AE8B-52DB881AA572}.Release|Any CPU.Build.0 = Release|Any CPU
	EndGlobalSection
	GlobalSection(SolutionProperties) = preSolution
		HideSolutionNode = FALSE
	EndGlobalSection
	GlobalSection(ExtensibilityGlobals) = postSolution
		SolutionGuid = {40CD0F1D-29E9-4407-A13A-8AA7D683E4B2}
	EndGlobalSection
EndGlobal
